
Microsoft Visual Studio Solution File, Format Version 12.00
# Visual Studio Version 16
VisualStudioVersion = 16.0.31105.61
MinimumVisualStudioVersion = 10.0.40219.1
Project("{9A19103F-16F7-4668-BE54-9A1E7A4F7556}") = "Domain", "Domain\Domain.csproj", "{8D163A95-1D63-4589-9D45-1A95087A84A0}"
EndProject
Project("{9A19103F-16F7-4668-BE54-9A1E7A4F7556}") = "Service", "Service\Service.csproj", "{804DC913-F097-43BB-A154-9E847FE8871D}"
EndProject
Project("{9A19103F-16F7-4668-BE54-9A1E7A4F7556}") = "ShopProject", "ShopProject\ShopProject.csproj", "{44E7741F-65E9-4565-8D0B-1B6D06FE9A8B}"
EndProject
Project("{9A19103F-16F7-4668-BE54-9A1E7A4F7556}") = "Infrastructure", "Infrastructure\Infrastructure.csproj", "{440BBEEA-31C5-432E-B8E7-7AA8694F2748}"
EndProject
Project("{9A19103F-16F7-4668-BE54-9A1E7A4F7556}") = "Common", "Common\Common.csproj", "{76B6E6F1-C8DA-418F-A1AC-63A886C73568}"
EndProject
Global
	GlobalSection(SolutionConfigurationPlatforms) = preSolution
		Debug|Any CPU = Debug|Any CPU
		Release|Any CPU = Release|Any CPU
	EndGlobalSection
	GlobalSection(ProjectConfigurationPlatforms) = postSolution
		{8D163A95-1D63-4589-9D45-1A95087A84A0}.Debug|Any CPU.ActiveCfg = Debug|Any CPU
		{8D163A95-1D63-4589-9D45-1A95087A84A0}.Debug|Any CPU.Build.0 = Debug|Any CPU
		{8D163A95-1D63-4589-9D45-1A95087A84A0}.Release|Any CPU.ActiveCfg = Release|Any CPU
		{8D163A95-1D63-4589-9D45-1A95087A84A0}.Release|Any CPU.Build.0 = Release|Any CPU
		{804DC913-F097-43BB-A154-9E847FE8871D}.Debug|Any CPU.ActiveCfg = Debug|Any CPU
		{804DC913-F097-43BB-A154-9E847FE8871D}.Debug|Any CPU.Build.0 = Debug|Any CPU
		{804DC913-F097-43BB-A154-9E847FE8871D}.Release|Any CPU.ActiveCfg = Release|Any CPU
		{804DC913-F097-43BB-A154-9E847FE8871D}.Release|Any CPU.Build.0 = Release|Any CPU
		{44E7741F-65E9-4565-8D0B-1B6D06FE9A8B}.Debug|Any CPU.ActiveCfg = Debug|Any CPU
		{44E7741F-65E9-4565-8D0B-1B6D06FE9A8B}.Debug|Any CPU.Build.0 = Debug|Any CPU
		{44E7741F-65E9-4565-8D0B-1B6D06FE9A8B}.Release|Any CPU.ActiveCfg = Release|Any CPU
		{44E7741F-65E9-4565-8D0B-1B6D06FE9A8B}.Release|Any CPU.Build.0 = Release|Any CPU
		{440BBEEA-31C5-432E-B8E7-7AA8694F2748}.Debug|Any CPU.ActiveCfg = Debug|Any CPU
		{440BBEEA-31C5-432E-B8E7-7AA8694F2748}.Debug|Any CPU.Build.0 = Debug|Any CPU
		{440BBEEA-31C5-432E-B8E7-7AA8694F2748}.Release|Any CPU.ActiveCfg = Release|Any CPU
		{440BBEEA-31C5-432E-B8E7-7AA8694F2748}.Release|Any CPU.Build.0 = Release|Any CPU
		{76B6E6F1-C8DA-418F-A1AC-63A886C73568}.Debug|Any CPU.ActiveCfg = Debug|Any CPU
		{76B6E6F1-C8DA-418F-A1AC-63A886C73568}.Debug|Any CPU.Build.0 = Debug|Any CPU
		{76B6E6F1-C8DA-418F-A1AC-63A886C73568}.Release|Any CPU.ActiveCfg = Release|Any CPU
		{76B6E6F1-C8DA-418F-A1AC-63A886C73568}.Release|Any CPU.Build.0 = Release|Any CPU
	EndGlobalSection
	GlobalSection(SolutionProperties) = preSolution
		HideSolutionNode = FALSE
	EndGlobalSection
	GlobalSection(ExtensibilityGlobals) = postSolution
		SolutionGuid = {CEAD1431-E02C-4580-A130-DFF52FA24E1B}
	EndGlobalSection
EndGlobal
